
Microsoft Visual Studio Solution File, Format Version 12.00
# Visual Studio Version 17
VisualStudioVersion = 17.4.33103.184
MinimumVisualStudioVersion = 10.0.40219.1
Project("{FAE04EC0-301F-11D3-BF4B-00C04F79EFBC}") = "CaptainsJournal", "CaptainsJournal\CaptainsJournal.csproj", "{11355253-B66D-48C8-A7E2-793D60263A88}"
EndProject
Global
	GlobalSection(SolutionConfigurationPlatforms) = preSolution
		Debug|Any CPU = Debug|Any CPU
		Release|Any CPU = Release|Any CPU
	EndGlobalSection
	GlobalSection(ProjectConfigurationPlatforms) = postSolution
		{11355253-B66D-48C8-A7E2-793D60263A88}.Debug|Any CPU.ActiveCfg = Debug|Any CPU
		{11355253-B66D-48C8-A7E2-793D60263A88}.Debug|Any CPU.Build.0 = Debug|Any CPU
		{11355253-B66D-48C8-A7E2-793D60263A88}.Release|Any CPU.ActiveCfg = Release|Any CPU
		{11355253-B66D-48C8-A7E2-793D60263A88}.Release|Any CPU.Build.0 = Release|Any CPU
	EndGlobalSection
	GlobalSection(SolutionProperties) = preSolution
		HideSolutionNode = FALSE
	EndGlobalSection
	GlobalSection(ExtensibilityGlobals) = postSolution
		SolutionGuid = {991EEBB2-1CCF-4EDD-9A87-AB52FE2861F2}
	EndGlobalSection
EndGlobal
